
Microsoft Visual Studio Solution File, Format Version 12.00
# Visual Studio Version 16
VisualStudioVersion = 16.0.29519.87
MinimumVisualStudioVersion = 10.0.40219.1
Project("{FAE04EC0-301F-11D3-BF4B-00C04F79EFBC}") = "Vidly", "Vidly\Vidly.csproj", "{E75023A8-8180-401F-9C66-40261E0E66F0}"
EndProject
Global
	GlobalSection(SolutionConfigurationPlatforms) = preSolution
		Debug|Any CPU = Debug|Any CPU
		Release|Any CPU = Release|Any CPU
		Testing_2|Any CPU = Testing_2|Any CPU
		Testing|Any CPU = Testing|Any CPU
	EndGlobalSection
	GlobalSection(ProjectConfigurationPlatforms) = postSolution
		{E75023A8-8180-401F-9C66-40261E0E66F0}.Debug|Any CPU.ActiveCfg = Debug|Any CPU
		{E75023A8-8180-401F-9C66-40261E0E66F0}.Debug|Any CPU.Build.0 = Debug|Any CPU
		{E75023A8-8180-401F-9C66-40261E0E66F0}.Release|Any CPU.ActiveCfg = Release|Any CPU
		{E75023A8-8180-401F-9C66-40261E0E66F0}.Release|Any CPU.Build.0 = Release|Any CPU
		{E75023A8-8180-401F-9C66-40261E0E66F0}.Testing_2|Any CPU.ActiveCfg = Testing_2|Any CPU
		{E75023A8-8180-401F-9C66-40261E0E66F0}.Testing_2|Any CPU.Build.0 = Testing_2|Any CPU
		{E75023A8-8180-401F-9C66-40261E0E66F0}.Testing|Any CPU.ActiveCfg = Testing|Any CPU
		{E75023A8-8180-401F-9C66-40261E0E66F0}.Testing|Any CPU.Build.0 = Testing|Any CPU
	EndGlobalSection
	GlobalSection(SolutionProperties) = preSolution
		HideSolutionNode = FALSE
	EndGlobalSection
	GlobalSection(ExtensibilityGlobals) = postSolution
		SolutionGuid = {32E683CD-3987-4650-9CC9-34E900025A74}
	EndGlobalSection
EndGlobal
